// !$*UTF8*$!
{
	archiveVersion = 1;
	classes = {
	};
	objectVersion = 56;
	objects = {

/* Begin PBXBuildFile section */
		CF7B20222BF4203B00729A5E /* Burger.swift in Sources */ = {isa = PBXBuildFile; fileRef = CF7B20212BF4203B00729A5E /* Burger.swift */; };
		CF7B20242BF420D200729A5E /* Earth.swift in Sources */ = {isa = PBXBuildFile; fileRef = CF7B20232BF420D200729A5E /* Earth.swift */; };
		CFCB33392BF3A4EE0033F68B /* FlipCardAnimationApp.swift in Sources */ = {isa = PBXBuildFile; fileRef = CFCB33382BF3A4EE0033F68B /* FlipCardAnimationApp.swift */; };
		CFCB333B2BF3A4EE0033F68B /* ContentView.swift in Sources */ = {isa = PBXBuildFile; fileRef = CFCB333A2BF3A4EE0033F68B /* ContentView.swift */; };
		CFCB333D2BF3A4EF0033F68B /* Assets.xcassets in Resources */ = {isa = PBXBuildFile; fileRef = CFCB333C2BF3A4EF0033F68B /* Assets.xcassets */; };
		CFCB33402BF3A4EF0033F68B /* Preview Assets.xcassets in Resources */ = {isa = PBXBuildFile; fileRef = CFCB333F2BF3A4EF0033F68B /* Preview Assets.xcassets */; };
		CFCB33492BF3A50B0033F68B /* ButtonStyle_scaleBrightness.swift in Sources */ = {isa = PBXBuildFile; fileRef = CFCB33472BF3A50B0033F68B /* ButtonStyle_scaleBrightness.swift */; };
		CFCB334A2BF3A50B0033F68B /* FlipTransition.swift in Sources */ = {isa = PBXBuildFile; fileRef = CFCB33482BF3A50B0033F68B /* FlipTransition.swift */; };
		CFCB334B2BF3A50B0033F68B /* VideoPlayerLocal.swift in Sources */ = {isa = PBXBuildFile; fileRef = CFCB33462BF3A50B0033F68B /* VideoPlayerLocal.swift */; };
		CFCB334E2BF3A5A60033F68B /* backMV.mp4 in Resources */ = {isa = PBXBuildFile; fileRef = CFCB334D2BF3A5A60033F68B /* backMV.mp4 */; };
/* End PBXBuildFile section */

/* Begin PBXFileReference section */
		CF7B20212BF4203B00729A5E /* Burger.swift */ = {isa = PBXFileReference; lastKnownFileType = sourcecode.swift; path = Burger.swift; sourceTree = "<group>"; };
		CF7B20232BF420D200729A5E /* Earth.swift */ = {isa = PBXFileReference; lastKnownFileType = sourcecode.swift; path = Earth.swift; sourceTree = "<group>"; };
		CFCB33352BF3A4EE0033F68B /* FlipCardAnimation.app */ = {isa = PBXFileReference; explicitFileType = wrapper.application; includeInIndex = 0; path = FlipCardAnimation.app; sourceTree = BUILT_PRODUCTS_DIR; };
		CFCB33382BF3A4EE0033F68B /* FlipCardAnimationApp.swift */ = {isa = PBXFileReference; lastKnownFileType = sourcecode.swift; path = FlipCardAnimationApp.swift; sourceTree = "<group>"; };
		CFCB333A2BF3A4EE0033F68B /* ContentView.swift */ = {isa = PBXFileReference; lastKnownFileType = sourcecode.swift; path = ContentView.swift; sourceTree = "<group>"; };
		CFCB333C2BF3A4EF0033F68B /* Assets.xcassets */ = {isa = PBXFileReference; lastKnownFileType = folder.assetcatalog; path = Assets.xcassets; sourceTree = "<group>"; };
		CFCB333F2BF3A4EF0033F68B /* Preview Assets.xcassets */ = {isa = PBXFileReference; lastKnownFileType = folder.assetcatalog; path = "Preview Assets.xcassets"; sourceTree = "<group>"; };
		CFCB33462BF3A50B0033F68B /* VideoPlayerLocal.swift */ = {isa = PBXFileReference; lastKnownFileType = sourcecode.swift; path = VideoPlayerLocal.swift; sourceTree = "<group>"; };
		CFCB33472BF3A50B0033F68B /* ButtonStyle_scaleBrightness.swift */ = {isa = PBXFileReference; lastKnownFileType = sourcecode.swift; path = ButtonStyle_scaleBrightness.swift; sourceTree = "<group>"; };
		CFCB33482BF3A50B0033F68B /* FlipTransition.swift */ = {isa = PBXFileReference; lastKnownFileType = sourcecode.swift; path = FlipTransition.swift; sourceTree = "<group>"; };
		CFCB334D2BF3A5A60033F68B /* backMV.mp4 */ = {isa = PBXFileReference; lastKnownFileType = file; path = backMV.mp4; sourceTree = "<group>"; };
/* End PBXFileReference section */

/* Begin PBXFrameworksBuildPhase section */
		CFCB33322BF3A4EE0033F68B /* Frameworks */ = {
			isa = PBXFrameworksBuildPhase;
			buildActionMask = 2147483647;
			files = (
			);
			runOnlyForDeploymentPostprocessing = 0;
		};
/* End PBXFrameworksBuildPhase section */

/* Begin PBXGroup section */
		CFCB332C2BF3A4EE0033F68B = {
			isa = PBXGroup;
			children = (
				CFCB33372BF3A4EE0033F68B /* FlipCardAnimation */,
				CFCB33362BF3A4EE0033F68B /* Products */,
			);
			sourceTree = "<group>";
		};
		CFCB33362BF3A4EE0033F68B /* Products */ = {
			isa = PBXGroup;
			children = (
				CFCB33352BF3A4EE0033F68B /* FlipCardAnimation.app */,
			);
			name = Products;
			sourceTree = "<group>";
		};
		CFCB33372BF3A4EE0033F68B /* FlipCardAnimation */ = {
			isa = PBXGroup;
			children = (
				CFCB33382BF3A4EE0033F68B /* FlipCardAnimationApp.swift */,
				CFCB333A2BF3A4EE0033F68B /* ContentView.swift */,
				CF7B20212BF4203B00729A5E /* Burger.swift */,
				CF7B20232BF420D200729A5E /* Earth.swift */,
				CFCB33472BF3A50B0033F68B /* ButtonStyle_scaleBrightness.swift */,
				CFCB33482BF3A50B0033F68B /* FlipTransition.swift */,
				CFCB33462BF3A50B0033F68B /* VideoPlayerLocal.swift */,
				CFCB333C2BF3A4EF0033F68B /* Assets.xcassets */,
				CFCB334D2BF3A5A60033F68B /* backMV.mp4 */,
				CFCB333E2BF3A4EF0033F68B /* Preview Content */,
			);
			path = FlipCardAnimation;
			sourceTree = "<group>";
		};
		CFCB333E2BF3A4EF0033F68B /* Preview Content */ = {
			isa = PBXGroup;
			children = (
				CFCB333F2BF3A4EF0033F68B /* Preview Assets.xcassets */,
			);
			path = "Preview Content";
			sourceTree = "<group>";
		};
/* End PBXGroup section */

/* Begin PBXNativeTarget section */
		CFCB33342BF3A4EE0033F68B /* FlipCardAnimation */ = {
			isa = PBXNativeTarget;
			buildConfigurationList = CFCB33432BF3A4EF0033F68B /* Build configuration list for PBXNativeTarget "FlipCardAnimation" */;
			buildPhases = (
				CFCB33312BF3A4EE0033F68B /* Sources */,
				CFCB33322BF3A4EE0033F68B /* Frameworks */,
				CFCB33332BF3A4EE0033F68B /* Resources */,
			);
			buildRules = (
			);
			dependencies = (
			);
			name = FlipCardAnimation;
			productName = FlipCardAnimation;
			productReference = CFCB33352BF3A4EE0033F68B /* FlipCardAnimation.app */;
			productType = "com.apple.product-type.application";
		};
/* End PBXNativeTarget section */

/* Begin PBXProject section */
		CFCB332D2BF3A4EE0033F68B /* Project object */ = {
			isa = PBXProject;
			attributes = {
				BuildIndependentTargetsInParallel = 1;
				LastSwiftUpdateCheck = 1530;
				LastUpgradeCheck = 1530;
				TargetAttributes = {
					CFCB33342BF3A4EE0033F68B = {
						CreatedOnToolsVersion = 15.3;
					};
				};
			};
			buildConfigurationList = CFCB33302BF3A4EE0033F68B /* Build configuration list for PBXProject "FlipCardAnimation" */;
			compatibilityVersion = "Xcode 14.0";
			developmentRegion = en;
			hasScannedForEncodings = 0;
			knownRegions = (
				en,
				Base,
			);
			mainGroup = CFCB332C2BF3A4EE0033F68B;
			productRefGroup = CFCB33362BF3A4EE0033F68B /* Products */;
			projectDirPath = "";
			projectRoot = "";
			targets = (
				CFCB33342BF3A4EE0033F68B /* FlipCardAnimation */,
			);
		};
/* End PBXProject section */

/* Begin PBXResourcesBuildPhase section */
		CFCB33332BF3A4EE0033F68B /* Resources */ = {
			isa = PBXResourcesBuildPhase;
			buildActionMask = 2147483647;
			files = (
				CFCB334E2BF3A5A60033F68B /* backMV.mp4 in Resources */,
				CFCB33402BF3A4EF0033F68B /* Preview Assets.xcassets in Resources */,
				CFCB333D2BF3A4EF0033F68B /* Assets.xcassets in Resources */,
			);
			runOnlyForDeploymentPostprocessing = 0;
		};
/* End PBXResourcesBuildPhase section */

/* Begin PBXSourcesBuildPhase section */
		CFCB33312BF3A4EE0033F68B /* Sources */ = {
			isa = PBXSourcesBuildPhase;
			buildActionMask = 2147483647;
			files = (
				CFCB333B2BF3A4EE0033F68B /* ContentView.swift in Sources */,
				CFCB334A2BF3A50B0033F68B /* FlipTransition.swift in Sources */,
				CFCB33492BF3A50B0033F68B /* ButtonStyle_scaleBrightness.swift in Sources */,
				CFCB33392BF3A4EE0033F68B /* FlipCardAnimationApp.swift in Sources */,
				CF7B20222BF4203B00729A5E /* Burger.swift in Sources */,
				CFCB334B2BF3A50B0033F68B /* VideoPlayerLocal.swift in Sources */,
				CF7B20242BF420D200729A5E /* Earth.swift in Sources */,
			);
			runOnlyForDeploymentPostprocessing = 0;
		};
/* End PBXSourcesBuildPhase section */

/* Begin XCBuildConfiguration section */
		CFCB33412BF3A4EF0033F68B /* Debug */ = {
			isa = XCBuildConfiguration;
			buildSettings = {
				ALWAYS_SEARCH_USER_PATHS = NO;
				ASSETCATALOG_COMPILER_GENERATE_SWIFT_ASSET_SYMBOL_EXTENSIONS = YES;
				CLANG_ANALYZER_NONNULL = YES;
				CLANG_ANALYZER_NUMBER_OBJECT_CONVERSION = YES_AGGRESSIVE;
				CLANG_CXX_LANGUAGE_STANDARD = "gnu++20";
				CLANG_ENABLE_MODULES = YES;
				CLANG_ENABLE_OBJC_ARC = YES;
				CLANG_ENABLE_OBJC_WEAK = YES;
				CLANG_WARN_BLOCK_CAPTURE_AUTORELEASING = YES;
				CLANG_WARN_BOOL_CONVERSION = YES;
				CLANG_WARN_COMMA = YES;
				CLANG_WARN_CONSTANT_CONVERSION = YES;
				CLANG_WARN_DEPRECATED_OBJC_IMPLEMENTATIONS = YES;
				CLANG_WARN_DIRECT_OBJC_ISA_USAGE = YES_ERROR;
				CLANG_WARN_DOCUMENTATION_COMMENTS = YES;
				CLANG_WARN_EMPTY_BODY = YES;
				CLANG_WARN_ENUM_CONVERSION = YES;
				CLANG_WARN_INFINITE_RECURSION = YES;
				CLANG_WARN_INT_CONVERSION = YES;
				CLANG_WARN_NON_LITERAL_NULL_CONVERSION = YES;
				CLANG_WARN_OBJC_IMPLICIT_RETAIN_SELF = YES;
				CLANG_WARN_OBJC_LITERAL_CONVERSION = YES;
				CLANG_WARN_OBJC_ROOT_CLASS = YES_ERROR;
				CLANG_WARN_QUOTED_INCLUDE_IN_FRAMEWORK_HEADER = YES;
				CLANG_WARN_RANGE_LOOP_ANALYSIS = YES;
				CLANG_WARN_STRICT_PROTOTYPES = YES;
				CLANG_WARN_SUSPICIOUS_MOVE = YES;
				CLANG_WARN_UNGUARDED_AVAILABILITY = YES_AGGRESSIVE;
				CLANG_WARN_UNREACHABLE_CODE = YES;
				CLANG_WARN__DUPLICATE_METHOD_MATCH = YES;
				COPY_PHASE_STRIP = NO;
				DEBUG_INFORMATION_FORMAT = dwarf;
				ENABLE_STRICT_OBJC_MSGSEND = YES;
				ENABLE_TESTABILITY = YES;
				ENABLE_USER_SCRIPT_SANDBOXING = YES;
				GCC_C_LANGUAGE_STANDARD = gnu17;
				GCC_DYNAMIC_NO_PIC = NO;
				GCC_NO_COMMON_BLOCKS = YES;
				GCC_OPTIMIZATION_LEVEL = 0;
				GCC_PREPROCESSOR_DEFINITIONS = (
					"DEBUG=1",
					"$(inherited)",
				);
				GCC_WARN_64_TO_32_BIT_CONVERSION = YES;
				GCC_WARN_ABOUT_RETURN_TYPE = YES_ERROR;
				GCC_WARN_UNDECLARED_SELECTOR = YES;
				GCC_WARN_UNINITIALIZED_AUTOS = YES_AGGRESSIVE;
				GCC_WARN_UNUSED_FUNCTION = YES;
				GCC_WARN_UNUSED_VARIABLE = YES;
				IPHONEOS_DEPLOYMENT_TARGET = 17.4;
				LOCALIZATION_PREFERS_STRING_CATALOGS = YES;
				MTL_ENABLE_DEBUG_INFO = INCLUDE_SOURCE;
				MTL_FAST_MATH = YES;
				ONLY_ACTIVE_ARCH = YES;
				SDKROOT = iphoneos;
				SWIFT_ACTIVE_COMPILATION_CONDITIONS = "DEBUG $(inherited)";
				SWIFT_OPTIMIZATION_LEVEL = "-Onone";
			};
			name = Debug;
		};
		CFCB33422BF3A4EF0033F68B /* Release */ = {
			isa = XCBuildConfiguration;
			buildSettings = {
				ALWAYS_SEARCH_USER_PATHS = NO;
				ASSETCATALOG_COMPILER_GENERATE_SWIFT_ASSET_SYMBOL_EXTENSIONS = YES;
				CLANG_ANALYZER_NONNULL = YES;
				CLANG_ANALYZER_NUMBER_OBJECT_CONVERSION = YES_AGGRESSIVE;
				CLANG_CXX_LANGUAGE_STANDARD = "gnu++20";
				CLANG_ENABLE_MODULES = YES;
				CLANG_ENABLE_OBJC_ARC = YES;
				CLANG_ENABLE_OBJC_WEAK = YES;
				CLANG_WARN_BLOCK_CAPTURE_AUTORELEASING = YES;
				CLANG_WARN_BOOL_CONVERSION = YES;
				CLANG_WARN_COMMA = YES;
				CLANG_WARN_CONSTANT_CONVERSION = YES;
				CLANG_WARN_DEPRECATED_OBJC_IMPLEMENTATIONS = YES;
				CLANG_WARN_DIRECT_OBJC_ISA_USAGE = YES_ERROR;
				CLANG_WARN_DOCUMENTATION_COMMENTS = YES;
				CLANG_WARN_EMPTY_BODY = YES;
				CLANG_WARN_ENUM_CONVERSION = YES;
				CLANG_WARN_INFINITE_RECURSION = YES;
				CLANG_WARN_INT_CONVERSION = YES;
				CLANG_WARN_NON_LITERAL_NULL_CONVERSION = YES;
				CLANG_WARN_OBJC_IMPLICIT_RETAIN_SELF = YES;
				CLANG_WARN_OBJC_LITERAL_CONVERSION = YES;
				CLANG_WARN_OBJC_ROOT_CLASS = YES_ERROR;
				CLANG_WARN_QUOTED_INCLUDE_IN_FRAMEWORK_HEADER = YES;
				CLANG_WARN_RANGE_LOOP_ANALYSIS = YES;
				CLANG_WARN_STRICT_PROTOTYPES = YES;
				CLANG_WARN_SUSPICIOUS_MOVE = YES;
				CLANG_WARN_UNGUARDED_AVAILABILITY = YES_AGGRESSIVE;
				CLANG_WARN_UNREACHABLE_CODE = YES;
				CLANG_WARN__DUPLICATE_METHOD_MATCH = YES;
				COPY_PHASE_STRIP = NO;
				DEBUG_INFORMATION_FORMAT = "dwarf-with-dsym";
				ENABLE_NS_ASSERTIONS = NO;
				ENABLE_STRICT_OBJC_MSGSEND = YES;
				ENABLE_USER_SCRIPT_SANDBOXING = YES;
				GCC_C_LANGUAGE_STANDARD = gnu17;
				GCC_NO_COMMON_BLOCKS = YES;
				GCC_WARN_64_TO_32_BIT_CONVERSION = YES;
				GCC_WARN_ABOUT_RETURN_TYPE = YES_ERROR;
				GCC_WARN_UNDECLARED_SELECTOR = YES;
				GCC_WARN_UNINITIALIZED_AUTOS = YES_AGGRESSIVE;
				GCC_WARN_UNUSED_FUNCTION = YES;
				GCC_WARN_UNUSED_VARIABLE = YES;
				IPHONEOS_DEPLOYMENT_TARGET = 17.4;
				LOCALIZATION_PREFERS_STRING_CATALOGS = YES;
				MTL_ENABLE_DEBUG_INFO = NO;
				MTL_FAST_MATH = YES;
				SDKROOT = iphoneos;
				SWIFT_COMPILATION_MODE = wholemodule;
				VALIDATE_PRODUCT = YES;
			};
			name = Release;
		};
		CFCB33442BF3A4EF0033F68B /* Debug */ = {
			isa = XCBuildConfiguration;
			buildSettings = {
				ASSETCATALOG_COMPILER_APPICON_NAME = AppIcon;
				ASSETCATALOG_COMPILER_GLOBAL_ACCENT_COLOR_NAME = AccentColor;
				CODE_SIGN_STYLE = Automatic;
				CURRENT_PROJECT_VERSION = 1;
				DEVELOPMENT_ASSET_PATHS = "\"FlipCardAnimation/Preview Content\"";
				DEVELOPMENT_TEAM = T5L9235U34;
				ENABLE_PREVIEWS = YES;
				GENERATE_INFOPLIST_FILE = YES;
				INFOPLIST_KEY_UIApplicationSceneManifest_Generation = YES;
				INFOPLIST_KEY_UIApplicationSupportsIndirectInputEvents = YES;
				INFOPLIST_KEY_UILaunchScreen_Generation = YES;
				INFOPLIST_KEY_UISupportedInterfaceOrientations_iPad = "UIInterfaceOrientationPortrait UIInterfaceOrientationPortraitUpsideDown UIInterfaceOrientationLandscapeLeft UIInterfaceOrientationLandscapeRight";
				INFOPLIST_KEY_UISupportedInterfaceOrientations_iPhone = "UIInterfaceOrientationPortrait UIInterfaceOrientationLandscapeLeft UIInterfaceOrientationLandscapeRight";
				LD_RUNPATH_SEARCH_PATHS = (
					"$(inherited)",
					"@executable_path/Frameworks",
				);
				MARKETING_VERSION = 1.0;
				PRODUCT_BUNDLE_IDENTIFIER = com.AriKim.FlipCardAnimation;
				PRODUCT_NAME = "$(TARGET_NAME)";
				SWIFT_EMIT_LOC_STRINGS = YES;
				SWIFT_VERSION = 5.0;
				TARGETED_DEVICE_FAMILY = "1,2";
			};
			name = Debug;
		};
		CFCB33452BF3A4EF0033F68B /* Release */ = {
			isa = XCBuildConfiguration;
			buildSettings = {
				ASSETCATALOG_COMPILER_APPICON_NAME = AppIcon;
				ASSETCATALOG_COMPILER_GLOBAL_ACCENT_COLOR_NAME = AccentColor;
				CODE_SIGN_STYLE = Automatic;
				CURRENT_PROJECT_VERSION = 1;
				DEVELOPMENT_ASSET_PATHS = "\"FlipCardAnimation/Preview Content\"";
				DEVELOPMENT_TEAM = T5L9235U34;
				ENABLE_PREVIEWS = YES;
				GENERATE_INFOPLIST_FILE = YES;
				INFOPLIST_KEY_UIApplicationSceneManifest_Generation = YES;
				INFOPLIST_KEY_UIApplicationSupportsIndirectInputEvents = YES;
				INFOPLIST_KEY_UILaunchScreen_Generation = YES;
				INFOPLIST_KEY_UISupportedInterfaceOrientations_iPad = "UIInterfaceOrientationPortrait UIInterfaceOrientationPortraitUpsideDown UIInterfaceOrientationLandscapeLeft UIInterfaceOrientationLandscapeRight";
				INFOPLIST_KEY_UISupportedInterfaceOrientations_iPhone = "UIInterfaceOrientationPortrait UIInterfaceOrientationLandscapeLeft UIInterfaceOrientationLandscapeRight";
				LD_RUNPATH_SEARCH_PATHS = (
					"$(inherited)",
					"@executable_path/Frameworks",
				);
				MARKETING_VERSION = 1.0;
				PRODUCT_BUNDLE_IDENTIFIER = com.AriKim.FlipCardAnimation;
				PRODUCT_NAME = "$(TARGET_NAME)";
				SWIFT_EMIT_LOC_STRINGS = YES;
				SWIFT_VERSION = 5.0;
				TARGETED_DEVICE_FAMILY = "1,2";
			};
			name = Release;
		};
/* End XCBuildConfiguration section */

/* Begin XCConfigurationList section */
		CFCB33302BF3A4EE0033F68B /* Build configuration list for PBXProject "FlipCardAnimation" */ = {
			isa = XCConfigurationList;
			buildConfigurations = (
				CFCB33412BF3A4EF0033F68B /* Debug */,
				CFCB33422BF3A4EF0033F68B /* Release */,
			);
			defaultConfigurationIsVisible = 0;
			defaultConfigurationName = Release;
		};
		CFCB33432BF3A4EF0033F68B /* Build configuration list for PBXNativeTarget "FlipCardAnimation" */ = {
			isa = XCConfigurationList;
			buildConfigurations = (
				CFCB33442BF3A4EF0033F68B /* Debug */,
				CFCB33452BF3A4EF0033F68B /* Release */,
			);
			defaultConfigurationIsVisible = 0;
			defaultConfigurationName = Release;
		};
/* End XCConfigurationList section */
	};
	rootObject = CFCB332D2BF3A4EE0033F68B /* Project object */;
}
